
Microsoft Visual Studio Solution File, Format Version 12.00
# Visual Studio 15
VisualStudioVersion = 15.0.26730.3
MinimumVisualStudioVersion = 10.0.40219.1
Project("{FAE04EC0-301F-11D3-BF4B-00C04F79EFBC}") = "FYPSystem", "FYPSystem\FYPSystem.csproj", "{77F7BFAE-3075-408A-9AB4-D96203B842BB}"
EndProject
Global
	GlobalSection(SolutionConfigurationPlatforms) = preSolution
		Debug|Any CPU = Debug|Any CPU
		Release|Any CPU = Release|Any CPU
	EndGlobalSection
	GlobalSection(ProjectConfigurationPlatforms) = postSolution
		{77F7BFAE-3075-408A-9AB4-D96203B842BB}.Debug|Any CPU.ActiveCfg = Debug|Any CPU
		{77F7BFAE-3075-408A-9AB4-D96203B842BB}.Debug|Any CPU.Build.0 = Debug|Any CPU
		{77F7BFAE-3075-408A-9AB4-D96203B842BB}.Release|Any CPU.ActiveCfg = Release|Any CPU
		{77F7BFAE-3075-408A-9AB4-D96203B842BB}.Release|Any CPU.Build.0 = Release|Any CPU
	EndGlobalSection
	GlobalSection(SolutionProperties) = preSolution
		HideSolutionNode = FALSE
	EndGlobalSection
	GlobalSection(ExtensibilityGlobals) = postSolution
		SolutionGuid = {08D46EF3-63B0-4E0B-B9B5-D4892A55005A}
	EndGlobalSection
EndGlobal
